
Microsoft Visual Studio Solution File, Format Version 12.00
# Visual Studio 14
VisualStudioVersion = 14.0.25420.1
MinimumVisualStudioVersion = 10.0.40219.1
Project("{FAE04EC0-301F-11D3-BF4B-00C04F79EFBC}") = "IGL_DPR_MVC", "IGL_DPR_MVC\IGL_DPR_MVC.csproj", "{AF549BCC-D5E5-4096-AAA4-C07D414D8C2E}"
EndProject
Project("{FAE04EC0-301F-11D3-BF4B-00C04F79EFBC}") = "BAL", "BAL\BAL.csproj", "{0A118510-736A-485C-B66B-67D37EECE1D7}"
EndProject
Global
	GlobalSection(SolutionConfigurationPlatforms) = preSolution
		Debug|Any CPU = Debug|Any CPU
		Release|Any CPU = Release|Any CPU
	EndGlobalSection
	GlobalSection(ProjectConfigurationPlatforms) = postSolution
		{AF549BCC-D5E5-4096-AAA4-C07D414D8C2E}.Debug|Any CPU.ActiveCfg = Debug|Any CPU
		{AF549BCC-D5E5-4096-AAA4-C07D414D8C2E}.Debug|Any CPU.Build.0 = Debug|Any CPU
		{AF549BCC-D5E5-4096-AAA4-C07D414D8C2E}.Release|Any CPU.ActiveCfg = Release|Any CPU
		{AF549BCC-D5E5-4096-AAA4-C07D414D8C2E}.Release|Any CPU.Build.0 = Release|Any CPU
		{0A118510-736A-485C-B66B-67D37EECE1D7}.Debug|Any CPU.ActiveCfg = Debug|Any CPU
		{0A118510-736A-485C-B66B-67D37EECE1D7}.Debug|Any CPU.Build.0 = Debug|Any CPU
		{0A118510-736A-485C-B66B-67D37EECE1D7}.Release|Any CPU.ActiveCfg = Release|Any CPU
		{0A118510-736A-485C-B66B-67D37EECE1D7}.Release|Any CPU.Build.0 = Release|Any CPU
	EndGlobalSection
	GlobalSection(SolutionProperties) = preSolution
		HideSolutionNode = FALSE
	EndGlobalSection
EndGlobal
